
Microsoft Visual Studio Solution File, Format Version 12.00
# Visual Studio Version 17
VisualStudioVersion = 17.11.35312.102
MinimumVisualStudioVersion = 10.0.40219.1
Project("{FAE04EC0-301F-11D3-BF4B-00C04F79EFBC}") = "Projektas_Protmusis", "Projektas_Protmusis.csproj", "{356DE304-4980-467B-8144-0738BF536DE1}"
EndProject
Project("{FAE04EC0-301F-11D3-BF4B-00C04F79EFBC}") = "Metodai", "..\Metodai\Metodai.csproj", "{61CBB2D0-EDE8-4327-A4B6-8DFDF9B7A2B4}"
EndProject
Global
	GlobalSection(SolutionConfigurationPlatforms) = preSolution
		Debug|Any CPU = Debug|Any CPU
		Release|Any CPU = Release|Any CPU
	EndGlobalSection
	GlobalSection(ProjectConfigurationPlatforms) = postSolution
		{356DE304-4980-467B-8144-0738BF536DE1}.Debug|Any CPU.ActiveCfg = Debug|Any CPU
		{356DE304-4980-467B-8144-0738BF536DE1}.Debug|Any CPU.Build.0 = Debug|Any CPU
		{356DE304-4980-467B-8144-0738BF536DE1}.Release|Any CPU.ActiveCfg = Release|Any CPU
		{356DE304-4980-467B-8144-0738BF536DE1}.Release|Any CPU.Build.0 = Release|Any CPU
		{61CBB2D0-EDE8-4327-A4B6-8DFDF9B7A2B4}.Debug|Any CPU.ActiveCfg = Debug|Any CPU
		{61CBB2D0-EDE8-4327-A4B6-8DFDF9B7A2B4}.Debug|Any CPU.Build.0 = Debug|Any CPU
		{61CBB2D0-EDE8-4327-A4B6-8DFDF9B7A2B4}.Release|Any CPU.ActiveCfg = Release|Any CPU
		{61CBB2D0-EDE8-4327-A4B6-8DFDF9B7A2B4}.Release|Any CPU.Build.0 = Release|Any CPU
	EndGlobalSection
	GlobalSection(SolutionProperties) = preSolution
		HideSolutionNode = FALSE
	EndGlobalSection
	GlobalSection(ExtensibilityGlobals) = postSolution
		SolutionGuid = {DFA666B3-7752-460A-B260-6F09A6BAAFDB}
	EndGlobalSection
EndGlobal
